
Microsoft Visual Studio Solution File, Format Version 12.00
# Visual Studio Version 17
VisualStudioVersion = 17.5.33424.131
MinimumVisualStudioVersion = 10.0.40219.1
Project("{9A19103F-16F7-4668-BE54-9A1E7A4F7556}") = "Exlibris", "Exlibris\Exlibris.csproj", "{6AA508F0-24AF-4FD1-8F91-DAEE198DD8D4}"
EndProject
Project("{FAE04EC0-301F-11D3-BF4B-00C04F79EFBC}") = "ExlibrisTests", "ExlibrisTests\ExlibrisTests.csproj", "{9F6804C2-B829-4370-86B6-9DBC0D78E355}"
EndProject
Project("{2150E333-8FDC-42A3-9474-1A3956D46DE8}") = "Solution Items", "Solution Items", "{E0488BA6-2FE3-4942-B57B-0F60458515F3}"
	ProjectSection(SolutionItems) = preProject
		.editorconfig = .editorconfig
	EndProjectSection
EndProject
Global
	GlobalSection(SolutionConfigurationPlatforms) = preSolution
		Debug|Any CPU = Debug|Any CPU
		Release|Any CPU = Release|Any CPU
	EndGlobalSection
	GlobalSection(ProjectConfigurationPlatforms) = postSolution
		{6AA508F0-24AF-4FD1-8F91-DAEE198DD8D4}.Debug|Any CPU.ActiveCfg = Debug|Any CPU
		{6AA508F0-24AF-4FD1-8F91-DAEE198DD8D4}.Debug|Any CPU.Build.0 = Debug|Any CPU
		{6AA508F0-24AF-4FD1-8F91-DAEE198DD8D4}.Release|Any CPU.ActiveCfg = Release|Any CPU
		{6AA508F0-24AF-4FD1-8F91-DAEE198DD8D4}.Release|Any CPU.Build.0 = Release|Any CPU
		{9F6804C2-B829-4370-86B6-9DBC0D78E355}.Debug|Any CPU.ActiveCfg = Debug|Any CPU
		{9F6804C2-B829-4370-86B6-9DBC0D78E355}.Debug|Any CPU.Build.0 = Debug|Any CPU
		{9F6804C2-B829-4370-86B6-9DBC0D78E355}.Release|Any CPU.ActiveCfg = Release|Any CPU
		{9F6804C2-B829-4370-86B6-9DBC0D78E355}.Release|Any CPU.Build.0 = Release|Any CPU
	EndGlobalSection
	GlobalSection(SolutionProperties) = preSolution
		HideSolutionNode = FALSE
	EndGlobalSection
	GlobalSection(ExtensibilityGlobals) = postSolution
		SolutionGuid = {5A3032D5-A1F5-4EA1-B554-F94FF47B1EA3}
	EndGlobalSection
EndGlobal
